{
  "version": 4,
  "terraform_version": "1.14.5",
  "serial": 291,
  "lineage": "63894b5d-3461-a216-8e5e-86683d654ddf",
  "outputs": {},
  "resources": [
    {
      "mode": "data",
      "type": "aws_availability_zones",
      "name": "available",
      "provider": "provider[\"registry.terraform.io/hashicorp/aws\"]",
      "instances": [
        {
          "schema_version": 0,
          "attributes": {
            "all_availability_zones": null,
            "exclude_names": null,
            "exclude_zone_ids": null,
            "filter": [
              {
                "name": "region-name",
                "values": [
                  "us-east-1"
                ]
              }
            ],
            "group_names": [
              "us-east-1-zg-1"
            ],
            "id": "us-east-1",
            "names": [
              "us-east-1a",
              "us-east-1b",
              "us-east-1c",
              "us-east-1d",
              "us-east-1e",
              "us-east-1f"
            ],
            "state": "available",
            "timeouts": null,
            "zone_ids": [
              "use1-az1",
              "use1-az2",
              "use1-az4",
              "use1-az6",
              "use1-az3",
              "use1-az5"
            ]
          },
          "sensitive_attributes": [],
          "identity_schema_version": 0
        }
      ]
    },
    {
      "mode": "data",
      "type": "aws_route53_zone",
      "name": "main",
      "provider": "provider[\"registry.terraform.io/hashicorp/aws\"]",
      "instances": []
    },
    {
      "mode": "managed",
      "type": "aws_cloudwatch_log_group",
      "name": "eks_cluster",
      "provider": "provider[\"registry.terraform.io/hashicorp/aws\"]",
      "instances": [
        {
          "schema_version": 0,
          "attributes": {
            "arn": "arn:aws:logs:us-east-1:430367037730:log-group:/aws/eks/weather-tracker-prod/cluster",
            "id": "/aws/eks/weather-tracker-prod/cluster",
            "kms_key_id": "",
            "log_group_class": "STANDARD",
            "name": "/aws/eks/weather-tracker-prod/cluster",
            "name_prefix": "",
            "retention_in_days": 7,
            "skip_destroy": false,
            "tags": {
              "Name": "weather-tracker-eks-logs-prod"
            },
            "tags_all": {
              "CloudProvider": "AWS",
              "Environment": "prod",
              "Name": "weather-tracker-eks-logs-prod",
              "Project": "weather-tracker",
              "Terraform": "true"
            }
          },
          "sensitive_attributes": [],
          "identity_schema_version": 0,
          "private": "bnVsbA==",
          "create_before_destroy": true
        }
      ]
    },
    {
      "mode": "managed",
      "type": "aws_eks_cluster",
      "name": "main",
      "provider": "provider[\"registry.terraform.io/hashicorp/aws\"]",
      "instances": [
        {
          "schema_version": 1,
          "attributes": {
            "access_config": [
              {
                "authentication_mode": "CONFIG_MAP",
                "bootstrap_cluster_creator_admin_permissions": true
              }
            ],
            "arn": "arn:aws:eks:us-east-1:430367037730:cluster/weather-tracker-prod",
            "bootstrap_self_managed_addons": true,
            "certificate_authority": [
              {
                "data": "LS0tLS1CRUdJTiBDRVJUSUZJQ0FURS0tLS0tCk1JSURCVENDQWUyZ0F3SUJBZ0lJVStVYXpxZEl1ek13RFFZSktvWklodmNOQVFFTEJRQXdGVEVUTUJFR0ExVUUKQXhNS2EzVmlaWEp1WlhSbGN6QWVGdzB5TmpBeU1UUXdNekV5TURoYUZ3MHpOakF5TVRJd016RTNNRGhhTUJVeApFekFSQmdOVkJBTVRDbXQxWW1WeWJtVjBaWE13Z2dFaU1BMEdDU3FHU0liM0RRRUJBUVVBQTRJQkR3QXdnZ0VLCkFvSUJBUUQycGhDVFQ2U1FoNlhlMzhMOHZ2QkJEUWNvZm1HSFhmQUNIeThaMEt1cVBPZWhjWjRXWncvNi9PTTMKakJRcjRlOTF4YnpkODhaNjg2RmI3K1p4V1hOc3pnVlhsaXZCM2tBVWx4Lzdrbmh0THRDMVVIa3Z0Zm1LOVhzbApMcUovaDRWeWlLbEJtU1NrM2tlL1RCU3Y0Ylh4aklCVTV6U3dScEJCVlJSVy9xWVFGaWl3NjZYaDVqd3UxWXIzClEvRHZiZkIxNFNCM1BvNHRFVGVBdExLeE52M3BvdXZBN0I3SGlaUjRiT2ZRRm1SZktrMnFSR1V4cjc1NnpiQ2cKek96VmZpemlKYU1kZzN0WHJoZjdzaEdIeFVzbkg5dXdkSUUvVzVodmQ2c1g4L2ExbVNFU2JJZ283VXdsMDlXMwpUY21yVnVsT0tMMDUzNmw3aVlPcnM3bDFHeHN6QWdNQkFBR2pXVEJYTUE0R0ExVWREd0VCL3dRRUF3SUNwREFQCkJnTlZIUk1CQWY4RUJUQURBUUgvTUIwR0ExVWREZ1FXQkJRbkw5eFpSZWJKNGxSYnRBcGpwTVlzRHc1MEZ6QVYKQmdOVkhSRUVEakFNZ2dwcmRXSmxjbTVsZEdWek1BMEdDU3FHU0liM0RRRUJDd1VBQTRJQkFRRE5BalJLY0l0eAoxZnBpSVlSUHpiVVluelZNUGtRQTNkTDFTWWE0UVdnZTROR3pJMWYwc25MQnZFU1V1RnVOUTQ0WGgySXRaNnVmCnRvU2sycUVSSDhsWHdRcnNWb2RmRGE5SlhYVDFKZ0J5TDhpSVlCQzQwcTRQZkQxcWR4b2taTzBUUm5hbzEyd2wKZDFGN05xUCtELzdCd0JYK2xNY0xEVCtxdFJqSk5acmtlTEV6SHlXZTE1emFROHl5S1F0aFFsZnhZc2pobWhKMQo1Szd2dEFzQmdEcjE1RWczL2RaY0luZzBOVWRCbktzeHZwUnY5RGcydjBUM0pVR2lnWjVBZmtxcnkyRjJKUERxCnJra2kzWmlBWW42cEdXNHI4SmR2d21STk44YVFpbys4ZUxIWm1QYzFDM05iemt2ZjFMOU1aRVpra0pyYitqMHcKY3pvZzlEbGdqMFp6Ci0tLS0tRU5EIENFUlRJRklDQVRFLS0tLS0K"
              }
            ],
            "cluster_id": null,
            "compute_config": [],
            "created_at": "2026-02-14T03:10:57Z",
            "enabled_cluster_log_types": [
              "api",
              "audit",
              "authenticator",
              "controllerManager",
              "scheduler"
            ],
            "encryption_config": [],
            "endpoint": "https://9558D05930435D9ECD78189B0B48901A.gr7.us-east-1.eks.amazonaws.com",
            "force_update_version": null,
            "id": "weather-tracker-prod",
            "identity": [
              {
                "oidc": [
                  {
                    "issuer": "https://oidc.eks.us-east-1.amazonaws.com/id/9558D05930435D9ECD78189B0B48901A"
                  }
                ]
              }
            ],
            "kubernetes_network_config": [
              {
                "elastic_load_balancing": [
                  {
                    "enabled": false
                  }
                ],
                "ip_family": "ipv4",
                "service_ipv4_cidr": "172.20.0.0/16",
                "service_ipv6_cidr": ""
              }
            ],
            "name": "weather-tracker-prod",
            "outpost_config": [],
            "platform_version": "eks.67",
            "remote_network_config": [],
            "role_arn": "arn:aws:iam::430367037730:role/weather-tracker-eks-cluster-role-prod",
            "status": "ACTIVE",
            "storage_config": [],
            "tags": {
              "Name": "weather-tracker-eks-prod"
            },
            "tags_all": {
              "CloudProvider": "AWS",
              "Environment": "prod",
              "Name": "weather-tracker-eks-prod",
              "Project": "weather-tracker",
              "Terraform": "true"
            },
            "timeouts": null,
            "upgrade_policy": [
              {
                "support_type": "EXTENDED"
              }
            ],
            "version": "1.28",
            "vpc_config": [
              {
                "cluster_security_group_id": "sg-07f60c95fe118d4cf",
                "endpoint_private_access": true,
                "endpoint_public_access": true,
                "public_access_cidrs": [
                  "0.0.0.0/0"
                ],
                "security_group_ids": [
                  "sg-0a6b0b8af4722478c"
                ],
                "subnet_ids": [
                  "subnet-0590c60787ec5d1bb",
                  "subnet-081685dcd83998a73",
                  "subnet-0b74369be0e374073",
                  "subnet-0e18cd77496c8f4f8"
                ],
                "vpc_id": "vpc-0ce53b0fa3b75a1be"
              }
            ],
            "zonal_shift_config": []
          },
          "sensitive_attributes": [],
          "identity_schema_version": 0,
          "private": "eyJlMmJmYjczMC1lY2FhLTExZTYtOGY4OC0zNDM2M2JjN2M0YzAiOnsiY3JlYXRlIjoxODAwMDAwMDAwMDAwLCJkZWxldGUiOjkwMDAwMDAwMDAwMCwidXBkYXRlIjozNjAwMDAwMDAwMDAwfSwic2NoZW1hX3ZlcnNpb24iOiIxIn0=",
          "dependencies": [
            "aws_cloudwatch_log_group.eks_cluster",
            "aws_iam_role.eks_cluster",
            "aws_iam_role_policy_attachment.eks_cluster_policy",
            "aws_iam_role_policy_attachment.eks_vpc_resource_controller",
            "aws_internet_gateway.main",
            "aws_security_group.eks_control_plane",
            "aws_subnet.private",
            "aws_subnet.public",
            "aws_vpc.main",
            "data.aws_availability_zones.available"
          ],
          "create_before_destroy": true
        }
      ]
    },
    {
      "mode": "managed",
      "type": "aws_iam_role",
      "name": "eks_cluster",
      "provider": "provider[\"registry.terraform.io/hashicorp/aws\"]",
      "instances": [
        {
          "schema_version": 0,
          "attributes": {
            "arn": "arn:aws:iam::430367037730:role/weather-tracker-eks-cluster-role-prod",
            "assume_role_policy": "{\"Statement\":[{\"Action\":\"sts:AssumeRole\",\"Effect\":\"Allow\",\"Principal\":{\"Service\":\"eks.amazonaws.com\"}}],\"Version\":\"2012-10-17\"}",
            "create_date": "2026-02-14T03:10:28Z",
            "description": "",
            "force_detach_policies": false,
            "id": "weather-tracker-eks-cluster-role-prod",
            "inline_policy": [],
            "managed_policy_arns": [
              "arn:aws:iam::aws:policy/AmazonEKSClusterPolicy",
              "arn:aws:iam::aws:policy/AmazonEKSVPCResourceController"
            ],
            "max_session_duration": 3600,
            "name": "weather-tracker-eks-cluster-role-prod",
            "name_prefix": "",
            "path": "/",
            "permissions_boundary": "",
            "tags": {
              "Name": "weather-tracker-eks-cluster-role-prod"
            },
            "tags_all": {
              "CloudProvider": "AWS",
              "Environment": "prod",
              "Name": "weather-tracker-eks-cluster-role-prod",
              "Project": "weather-tracker",
              "Terraform": "true"
            },
            "unique_id": "AROAWIM673ERGJKUWHBZG"
          },
          "sensitive_attributes": [],
          "identity_schema_version": 0,
          "private": "bnVsbA==",
          "create_before_destroy": true
        }
      ]
    },
    {
      "mode": "managed",
      "type": "aws_iam_role",
      "name": "s3_replication",
      "provider": "provider[\"registry.terraform.io/hashicorp/aws\"]",
      "instances": []
    },
    {
      "mode": "managed",
      "type": "aws_iam_role_policy",
      "name": "s3_replication",
      "provider": "provider[\"registry.terraform.io/hashicorp/aws\"]",
      "instances": []
    },
    {
      "mode": "managed",
      "type": "aws_iam_role_policy_attachment",
      "name": "eks_cluster_policy",
      "provider": "provider[\"registry.terraform.io/hashicorp/aws\"]",
      "instances": [
        {
          "schema_version": 0,
          "attributes": {
            "id": "weather-tracker-eks-cluster-role-prod-20260214031029522800000007",
            "policy_arn": "arn:aws:iam::aws:policy/AmazonEKSClusterPolicy",
            "role": "weather-tracker-eks-cluster-role-prod"
          },
          "sensitive_attributes": [],
          "identity_schema_version": 0,
          "private": "bnVsbA==",
          "dependencies": [
            "aws_iam_role.eks_cluster"
          ],
          "create_before_destroy": true
        }
      ]
    },
    {
      "mode": "managed",
      "type": "aws_iam_role_policy_attachment",
      "name": "eks_vpc_resource_controller",
      "provider": "provider[\"registry.terraform.io/hashicorp/aws\"]",
      "instances": [
        {
          "schema_version": 0,
          "attributes": {
            "id": "weather-tracker-eks-cluster-role-prod-20260214031029428700000006",
            "policy_arn": "arn:aws:iam::aws:policy/AmazonEKSVPCResourceController",
            "role": "weather-tracker-eks-cluster-role-prod"
          },
          "sensitive_attributes": [],
          "identity_schema_version": 0,
          "private": "bnVsbA==",
          "dependencies": [
            "aws_iam_role.eks_cluster"
          ],
          "create_before_destroy": true
        }
      ]
    },
    {
      "mode": "managed",
      "type": "aws_internet_gateway",
      "name": "main",
      "provider": "provider[\"registry.terraform.io/hashicorp/aws\"]",
      "instances": [
        {
          "schema_version": 0,
          "attributes": {
            "arn": "arn:aws:ec2:us-east-1:430367037730:internet-gateway/igw-0815087f883aceae3",
            "id": "igw-0815087f883aceae3",
            "owner_id": "430367037730",
            "tags": {
              "Name": "weather-tracker-igw-prod"
            },
            "tags_all": {
              "CloudProvider": "AWS",
              "Environment": "prod",
              "Name": "weather-tracker-igw-prod",
              "Project": "weather-tracker",
              "Terraform": "true"
            },
            "timeouts": null,
            "vpc_id": "vpc-0ce53b0fa3b75a1be"
          },
          "sensitive_attributes": [],
          "identity_schema_version": 0,
          "private": "eyJlMmJmYjczMC1lY2FhLTExZTYtOGY4OC0zNDM2M2JjN2M0YzAiOnsiY3JlYXRlIjoxMjAwMDAwMDAwMDAwLCJkZWxldGUiOjEyMDAwMDAwMDAwMDAsInVwZGF0ZSI6MTIwMDAwMDAwMDAwMH19",
          "dependencies": [
            "aws_vpc.main"
          ],
          "create_before_destroy": true
        }
      ]
    },
    {
      "mode": "managed",
      "type": "aws_route53_health_check",
      "name": "api_lb",
      "provider": "provider[\"registry.terraform.io/hashicorp/aws\"]",
      "instances": []
    },
    {
      "mode": "managed",
      "type": "aws_route53_health_check",
      "name": "secondary_cloudfront",
      "provider": "provider[\"registry.terraform.io/hashicorp/aws\"]",
      "instances": []
    },
    {
      "mode": "managed",
      "type": "aws_route53_record",
      "name": "api_primary",
      "provider": "provider[\"registry.terraform.io/hashicorp/aws\"]",
      "instances": []
    },
    {
      "mode": "managed",
      "type": "aws_route53_record",
      "name": "main_secondary",
      "provider": "provider[\"registry.terraform.io/hashicorp/aws\"]",
      "instances": []
    },
    {
      "mode": "managed",
      "type": "aws_route53_resolver_endpoint",
      "name": "main",
      "provider": "provider[\"registry.terraform.io/hashicorp/aws\"]",
      "instances": []
    },
    {
      "mode": "managed",
      "type": "aws_route53_resolver_rule",
      "name": "main",
      "provider": "provider[\"registry.terraform.io/hashicorp/aws\"]",
      "instances": []
    },
    {
      "mode": "managed",
      "type": "aws_route53_zone",
      "name": "main",
      "provider": "provider[\"registry.terraform.io/hashicorp/aws\"]",
      "instances": []
    },
    {
      "mode": "managed",
      "type": "aws_s3_bucket_replication_configuration",
      "name": "main",
      "provider": "provider[\"registry.terraform.io/hashicorp/aws\"]",
      "instances": []
    },
    {
      "mode": "managed",
      "type": "aws_security_group",
      "name": "eks_control_plane",
      "provider": "provider[\"registry.terraform.io/hashicorp/aws\"]",
      "instances": [
        {
          "schema_version": 1,
          "attributes": {
            "arn": "arn:aws:ec2:us-east-1:430367037730:security-group/sg-0a6b0b8af4722478c",
            "description": "Security group for EKS control plane",
            "egress": [
              {
                "cidr_blocks": [
                  "0.0.0.0/0"
                ],
                "description": "",
                "from_port": 0,
                "ipv6_cidr_blocks": [],
                "prefix_list_ids": [],
                "protocol": "-1",
                "security_groups": [],
                "self": false,
                "to_port": 0
              }
            ],
            "id": "sg-0a6b0b8af4722478c",
            "ingress": [],
            "name": "weather-tracker-eks-control-plane-prod",
            "name_prefix": "",
            "owner_id": "430367037730",
            "revoke_rules_on_delete": false,
            "tags": {
              "Name": "weather-tracker-eks-control-plane-sg-prod"
            },
            "tags_all": {
              "CloudProvider": "AWS",
              "Environment": "prod",
              "Name": "weather-tracker-eks-control-plane-sg-prod",
              "Project": "weather-tracker",
              "Terraform": "true"
            },
            "timeouts": null,
            "vpc_id": "vpc-0ce53b0fa3b75a1be"
          },
          "sensitive_attributes": [],
          "identity_schema_version": 0,
          "private": "eyJlMmJmYjczMC1lY2FhLTExZTYtOGY4OC0zNDM2M2JjN2M0YzAiOnsiY3JlYXRlIjo2MDAwMDAwMDAwMDAsImRlbGV0ZSI6OTAwMDAwMDAwMDAwfSwic2NoZW1hX3ZlcnNpb24iOiIxIn0=",
          "dependencies": [
            "aws_vpc.main"
          ],
          "create_before_destroy": true
        }
      ]
    },
    {
      "mode": "managed",
      "type": "aws_security_group",
      "name": "route53_resolver",
      "provider": "provider[\"registry.terraform.io/hashicorp/aws\"]",
      "instances": []
    },
    {
      "mode": "managed",
      "type": "aws_subnet",
      "name": "private",
      "provider": "provider[\"registry.terraform.io/hashicorp/aws\"]",
      "instances": [
        {
          "index_key": 0,
          "schema_version": 1,
          "attributes": {
            "arn": "arn:aws:ec2:us-east-1:430367037730:subnet/subnet-081685dcd83998a73",
            "assign_ipv6_address_on_creation": false,
            "availability_zone": "us-east-1a",
            "availability_zone_id": "use1-az1",
            "cidr_block": "10.0.32.0/20",
            "customer_owned_ipv4_pool": "",
            "enable_dns64": false,
            "enable_lni_at_device_index": 0,
            "enable_resource_name_dns_a_record_on_launch": false,
            "enable_resource_name_dns_aaaa_record_on_launch": false,
            "id": "subnet-081685dcd83998a73",
            "ipv6_cidr_block": "",
            "ipv6_cidr_block_association_id": "",
            "ipv6_native": false,
            "map_customer_owned_ip_on_launch": false,
            "map_public_ip_on_launch": false,
            "outpost_arn": "",
            "owner_id": "430367037730",
            "private_dns_hostname_type_on_launch": "ip-name",
            "tags": {
              "Name": "weather-tracker-private-subnet-prod-1",
              "kubernetes.io/role/internal-elb": "1",
              "kubernetes.io/type": "private"
            },
            "tags_all": {
              "CloudProvider": "AWS",
              "Environment": "prod",
              "Name": "weather-tracker-private-subnet-prod-1",
              "Project": "weather-tracker",
              "Terraform": "true",
              "kubernetes.io/role/internal-elb": "1",
              "kubernetes.io/type": "private"
            },
            "timeouts": null,
            "vpc_id": "vpc-0ce53b0fa3b75a1be"
          },
          "sensitive_attributes": [],
          "identity_schema_version": 0,
          "private": "eyJlMmJmYjczMC1lY2FhLTExZTYtOGY4OC0zNDM2M2JjN2M0YzAiOnsiY3JlYXRlIjo2MDAwMDAwMDAwMDAsImRlbGV0ZSI6MTIwMDAwMDAwMDAwMH0sInNjaGVtYV92ZXJzaW9uIjoiMSJ9",
          "dependencies": [
            "aws_vpc.main",
            "data.aws_availability_zones.available"
          ],
          "create_before_destroy": true
        },
        {
          "index_key": 1,
          "schema_version": 1,
          "attributes": {
            "arn": "arn:aws:ec2:us-east-1:430367037730:subnet/subnet-0590c60787ec5d1bb",
            "assign_ipv6_address_on_creation": false,
            "availability_zone": "us-east-1b",
            "availability_zone_id": "use1-az2",
            "cidr_block": "10.0.48.0/20",
            "customer_owned_ipv4_pool": "",
            "enable_dns64": false,
            "enable_lni_at_device_index": 0,
            "enable_resource_name_dns_a_record_on_launch": false,
            "enable_resource_name_dns_aaaa_record_on_launch": false,
            "id": "subnet-0590c60787ec5d1bb",
            "ipv6_cidr_block": "",
            "ipv6_cidr_block_association_id": "",
            "ipv6_native": false,
            "map_customer_owned_ip_on_launch": false,
            "map_public_ip_on_launch": false,
            "outpost_arn": "",
            "owner_id": "430367037730",
            "private_dns_hostname_type_on_launch": "ip-name",
            "tags": {
              "Name": "weather-tracker-private-subnet-prod-2",
              "kubernetes.io/role/internal-elb": "1",
              "kubernetes.io/type": "private"
            },
            "tags_all": {
              "CloudProvider": "AWS",
              "Environment": "prod",
              "Name": "weather-tracker-private-subnet-prod-2",
              "Project": "weather-tracker",
              "Terraform": "true",
              "kubernetes.io/role/internal-elb": "1",
              "kubernetes.io/type": "private"
            },
            "timeouts": null,
            "vpc_id": "vpc-0ce53b0fa3b75a1be"
          },
          "sensitive_attributes": [],
          "identity_schema_version": 0,
          "private": "eyJlMmJmYjczMC1lY2FhLTExZTYtOGY4OC0zNDM2M2JjN2M0YzAiOnsiY3JlYXRlIjo2MDAwMDAwMDAwMDAsImRlbGV0ZSI6MTIwMDAwMDAwMDAwMH0sInNjaGVtYV92ZXJzaW9uIjoiMSJ9",
          "dependencies": [
            "aws_vpc.main",
            "data.aws_availability_zones.available"
          ],
          "create_before_destroy": true
        }
      ]
    },
    {
      "mode": "managed",
      "type": "aws_subnet",
      "name": "public",
      "provider": "provider[\"registry.terraform.io/hashicorp/aws\"]",
      "instances": [
        {
          "index_key": 0,
          "schema_version": 1,
          "attributes": {
            "arn": "arn:aws:ec2:us-east-1:430367037730:subnet/subnet-0e18cd77496c8f4f8",
            "assign_ipv6_address_on_creation": false,
            "availability_zone": "us-east-1a",
            "availability_zone_id": "use1-az1",
            "cidr_block": "10.0.0.0/20",
            "customer_owned_ipv4_pool": "",
            "enable_dns64": false,
            "enable_lni_at_device_index": 0,
            "enable_resource_name_dns_a_record_on_launch": false,
            "enable_resource_name_dns_aaaa_record_on_launch": false,
            "id": "subnet-0e18cd77496c8f4f8",
            "ipv6_cidr_block": "",
            "ipv6_cidr_block_association_id": "",
            "ipv6_native": false,
            "map_customer_owned_ip_on_launch": false,
            "map_public_ip_on_launch": true,
            "outpost_arn": "",
            "owner_id": "430367037730",
            "private_dns_hostname_type_on_launch": "ip-name",
            "tags": {
              "Name": "weather-tracker-public-subnet-prod-1",
              "kubernetes.io/role/elb": "1",
              "kubernetes.io/type": "public"
            },
            "tags_all": {
              "CloudProvider": "AWS",
              "Environment": "prod",
              "Name": "weather-tracker-public-subnet-prod-1",
              "Project": "weather-tracker",
              "Terraform": "true",
              "kubernetes.io/role/elb": "1",
              "kubernetes.io/type": "public"
            },
            "timeouts": null,
            "vpc_id": "vpc-0ce53b0fa3b75a1be"
          },
          "sensitive_attributes": [],
          "identity_schema_version": 0,
          "private": "eyJlMmJmYjczMC1lY2FhLTExZTYtOGY4OC0zNDM2M2JjN2M0YzAiOnsiY3JlYXRlIjo2MDAwMDAwMDAwMDAsImRlbGV0ZSI6MTIwMDAwMDAwMDAwMH0sInNjaGVtYV92ZXJzaW9uIjoiMSJ9",
          "dependencies": [
            "aws_internet_gateway.main",
            "aws_vpc.main",
            "data.aws_availability_zones.available"
          ],
          "create_before_destroy": true
        },
        {
          "index_key": 1,
          "schema_version": 1,
          "attributes": {
            "arn": "arn:aws:ec2:us-east-1:430367037730:subnet/subnet-0b74369be0e374073",
            "assign_ipv6_address_on_creation": false,
            "availability_zone": "us-east-1b",
            "availability_zone_id": "use1-az2",
            "cidr_block": "10.0.16.0/20",
            "customer_owned_ipv4_pool": "",
            "enable_dns64": false,
            "enable_lni_at_device_index": 0,
            "enable_resource_name_dns_a_record_on_launch": false,
            "enable_resource_name_dns_aaaa_record_on_launch": false,
            "id": "subnet-0b74369be0e374073",
            "ipv6_cidr_block": "",
            "ipv6_cidr_block_association_id": "",
            "ipv6_native": false,
            "map_customer_owned_ip_on_launch": false,
            "map_public_ip_on_launch": true,
            "outpost_arn": "",
            "owner_id": "430367037730",
            "private_dns_hostname_type_on_launch": "ip-name",
            "tags": {
              "Name": "weather-tracker-public-subnet-prod-2",
              "kubernetes.io/role/elb": "1",
              "kubernetes.io/type": "public"
            },
            "tags_all": {
              "CloudProvider": "AWS",
              "Environment": "prod",
              "Name": "weather-tracker-public-subnet-prod-2",
              "Project": "weather-tracker",
              "Terraform": "true",
              "kubernetes.io/role/elb": "1",
              "kubernetes.io/type": "public"
            },
            "timeouts": null,
            "vpc_id": "vpc-0ce53b0fa3b75a1be"
          },
          "sensitive_attributes": [],
          "identity_schema_version": 0,
          "private": "eyJlMmJmYjczMC1lY2FhLTExZTYtOGY4OC0zNDM2M2JjN2M0YzAiOnsiY3JlYXRlIjo2MDAwMDAwMDAwMDAsImRlbGV0ZSI6MTIwMDAwMDAwMDAwMH0sInNjaGVtYV92ZXJzaW9uIjoiMSJ9",
          "dependencies": [
            "aws_internet_gateway.main",
            "aws_vpc.main",
            "data.aws_availability_zones.available"
          ],
          "create_before_destroy": true
        }
      ]
    },
    {
      "mode": "managed",
      "type": "aws_vpc",
      "name": "main",
      "provider": "provider[\"registry.terraform.io/hashicorp/aws\"]",
      "instances": [
        {
          "schema_version": 1,
          "attributes": {
            "arn": "arn:aws:ec2:us-east-1:430367037730:vpc/vpc-0ce53b0fa3b75a1be",
            "assign_generated_ipv6_cidr_block": false,
            "cidr_block": "10.0.0.0/16",
            "default_network_acl_id": "acl-021d6f5b5c2251cf5",
            "default_route_table_id": "rtb-03faa3296bc33f98c",
            "default_security_group_id": "sg-09b81d545f4d1e632",
            "dhcp_options_id": "dopt-0e914bb680d193708",
            "enable_dns_hostnames": true,
            "enable_dns_support": true,
            "enable_network_address_usage_metrics": false,
            "id": "vpc-0ce53b0fa3b75a1be",
            "instance_tenancy": "default",
            "ipv4_ipam_pool_id": null,
            "ipv4_netmask_length": null,
            "ipv6_association_id": "",
            "ipv6_cidr_block": "",
            "ipv6_cidr_block_network_border_group": "",
            "ipv6_ipam_pool_id": "",
            "ipv6_netmask_length": 0,
            "main_route_table_id": "rtb-03faa3296bc33f98c",
            "owner_id": "430367037730",
            "tags": {
              "Name": "weather-tracker-vpc-prod"
            },
            "tags_all": {
              "CloudProvider": "AWS",
              "Environment": "prod",
              "Name": "weather-tracker-vpc-prod",
              "Project": "weather-tracker",
              "Terraform": "true"
            }
          },
          "sensitive_attributes": [],
          "identity_schema_version": 0,
          "private": "eyJzY2hlbWFfdmVyc2lvbiI6IjEifQ==",
          "create_before_destroy": true
        }
      ]
    },
    {
      "mode": "managed",
      "type": "aws_vpn_gateway",
      "name": "main",
      "provider": "provider[\"registry.terraform.io/hashicorp/aws\"]",
      "instances": []
    },
    {
      "mode": "managed",
      "type": "aws_vpn_gateway_route_propagation",
      "name": "private",
      "provider": "provider[\"registry.terraform.io/hashicorp/aws\"]",
      "instances": []
    }
  ],
  "check_results": null
}
